
Microsoft Visual Studio Solution File, Format Version 12.00
# Visual Studio 15
Project("{FAE04EC0-301F-11D3-BF4B-00C04F79EFBC}") = "IoTProtect.Android", "IoTProtect.Android\IoTProtect.Android.csproj", "{FF557C6B-562C-42E0-995A-D862622FA335}"
EndProject
Project("{FAE04EC0-301F-11D3-BF4B-00C04F79EFBC}") = "IoTProtect.iOS", "IoTProtect.iOS\IoTProtect.iOS.csproj", "{63B9A618-7C9B-4E57-BEC2-445A11DD5EAC}"
EndProject
Project("{FAE04EC0-301F-11D3-BF4B-00C04F79EFBC}") = "IoTProtect", "IoTProtect\IoTProtect.csproj", "{4D17C3CD-F91C-469C-BE87-366753F9DECB}"
EndProject
Project("{FAE04EC0-301F-11D3-BF4B-00C04F79EFBC}") = "TestConsole", "TestConsole\TestConsole.csproj", "{76010359-AE73-4CD3-9211-DCE7DE014C0E}"
EndProject
Global
	GlobalSection(SolutionConfigurationPlatforms) = preSolution
		Debug|Any CPU = Debug|Any CPU
		Release|Any CPU = Release|Any CPU
		Debug|iPhoneSimulator = Debug|iPhoneSimulator
		Release|iPhoneSimulator = Release|iPhoneSimulator
		Debug|iPhone = Debug|iPhone
		Release|iPhone = Release|iPhone
	EndGlobalSection
	GlobalSection(ProjectConfigurationPlatforms) = postSolution
		{FF557C6B-562C-42E0-995A-D862622FA335}.Debug|Any CPU.ActiveCfg = Debug|Any CPU
		{FF557C6B-562C-42E0-995A-D862622FA335}.Debug|Any CPU.Build.0 = Debug|Any CPU
		{FF557C6B-562C-42E0-995A-D862622FA335}.Release|Any CPU.ActiveCfg = Release|Any CPU
		{FF557C6B-562C-42E0-995A-D862622FA335}.Release|Any CPU.Build.0 = Release|Any CPU
		{FF557C6B-562C-42E0-995A-D862622FA335}.Debug|iPhoneSimulator.ActiveCfg = Debug|Any CPU
		{FF557C6B-562C-42E0-995A-D862622FA335}.Debug|iPhoneSimulator.Build.0 = Debug|Any CPU
		{FF557C6B-562C-42E0-995A-D862622FA335}.Release|iPhoneSimulator.ActiveCfg = Release|Any CPU
		{FF557C6B-562C-42E0-995A-D862622FA335}.Release|iPhoneSimulator.Build.0 = Release|Any CPU
		{FF557C6B-562C-42E0-995A-D862622FA335}.Debug|iPhone.ActiveCfg = Debug|Any CPU
		{FF557C6B-562C-42E0-995A-D862622FA335}.Debug|iPhone.Build.0 = Debug|Any CPU
		{FF557C6B-562C-42E0-995A-D862622FA335}.Release|iPhone.ActiveCfg = Release|Any CPU
		{FF557C6B-562C-42E0-995A-D862622FA335}.Release|iPhone.Build.0 = Release|Any CPU
		{63B9A618-7C9B-4E57-BEC2-445A11DD5EAC}.Debug|Any CPU.ActiveCfg = Debug|iPhoneSimulator
		{63B9A618-7C9B-4E57-BEC2-445A11DD5EAC}.Debug|Any CPU.Build.0 = Debug|iPhoneSimulator
		{63B9A618-7C9B-4E57-BEC2-445A11DD5EAC}.Release|Any CPU.ActiveCfg = Release|iPhoneSimulator
		{63B9A618-7C9B-4E57-BEC2-445A11DD5EAC}.Release|Any CPU.Build.0 = Release|iPhoneSimulator
		{63B9A618-7C9B-4E57-BEC2-445A11DD5EAC}.Debug|iPhoneSimulator.ActiveCfg = Debug|iPhoneSimulator
		{63B9A618-7C9B-4E57-BEC2-445A11DD5EAC}.Debug|iPhoneSimulator.Build.0 = Debug|iPhoneSimulator
		{63B9A618-7C9B-4E57-BEC2-445A11DD5EAC}.Release|iPhoneSimulator.ActiveCfg = Release|iPhoneSimulator
		{63B9A618-7C9B-4E57-BEC2-445A11DD5EAC}.Release|iPhoneSimulator.Build.0 = Release|iPhoneSimulator
		{63B9A618-7C9B-4E57-BEC2-445A11DD5EAC}.Debug|iPhone.ActiveCfg = Debug|iPhone
		{63B9A618-7C9B-4E57-BEC2-445A11DD5EAC}.Debug|iPhone.Build.0 = Debug|iPhone
		{63B9A618-7C9B-4E57-BEC2-445A11DD5EAC}.Release|iPhone.ActiveCfg = Release|iPhone
		{63B9A618-7C9B-4E57-BEC2-445A11DD5EAC}.Release|iPhone.Build.0 = Release|iPhone
		{4D17C3CD-F91C-469C-BE87-366753F9DECB}.Debug|Any CPU.ActiveCfg = Debug|Any CPU
		{4D17C3CD-F91C-469C-BE87-366753F9DECB}.Debug|Any CPU.Build.0 = Debug|Any CPU
		{4D17C3CD-F91C-469C-BE87-366753F9DECB}.Release|Any CPU.ActiveCfg = Release|Any CPU
		{4D17C3CD-F91C-469C-BE87-366753F9DECB}.Release|Any CPU.Build.0 = Release|Any CPU
		{4D17C3CD-F91C-469C-BE87-366753F9DECB}.Debug|iPhoneSimulator.ActiveCfg = Debug|Any CPU
		{4D17C3CD-F91C-469C-BE87-366753F9DECB}.Debug|iPhoneSimulator.Build.0 = Debug|Any CPU
		{4D17C3CD-F91C-469C-BE87-366753F9DECB}.Release|iPhoneSimulator.ActiveCfg = Release|Any CPU
		{4D17C3CD-F91C-469C-BE87-366753F9DECB}.Release|iPhoneSimulator.Build.0 = Release|Any CPU
		{4D17C3CD-F91C-469C-BE87-366753F9DECB}.Debug|iPhone.ActiveCfg = Debug|Any CPU
		{4D17C3CD-F91C-469C-BE87-366753F9DECB}.Debug|iPhone.Build.0 = Debug|Any CPU
		{4D17C3CD-F91C-469C-BE87-366753F9DECB}.Release|iPhone.ActiveCfg = Release|Any CPU
		{4D17C3CD-F91C-469C-BE87-366753F9DECB}.Release|iPhone.Build.0 = Release|Any CPU
		{76010359-AE73-4CD3-9211-DCE7DE014C0E}.Debug|Any CPU.ActiveCfg = Debug|Any CPU
		{76010359-AE73-4CD3-9211-DCE7DE014C0E}.Debug|Any CPU.Build.0 = Debug|Any CPU
		{76010359-AE73-4CD3-9211-DCE7DE014C0E}.Release|Any CPU.ActiveCfg = Release|Any CPU
		{76010359-AE73-4CD3-9211-DCE7DE014C0E}.Release|Any CPU.Build.0 = Release|Any CPU
		{76010359-AE73-4CD3-9211-DCE7DE014C0E}.Debug|iPhoneSimulator.ActiveCfg = Debug|Any CPU
		{76010359-AE73-4CD3-9211-DCE7DE014C0E}.Debug|iPhoneSimulator.Build.0 = Debug|Any CPU
		{76010359-AE73-4CD3-9211-DCE7DE014C0E}.Release|iPhoneSimulator.ActiveCfg = Release|Any CPU
		{76010359-AE73-4CD3-9211-DCE7DE014C0E}.Release|iPhoneSimulator.Build.0 = Release|Any CPU
		{76010359-AE73-4CD3-9211-DCE7DE014C0E}.Debug|iPhone.ActiveCfg = Debug|Any CPU
		{76010359-AE73-4CD3-9211-DCE7DE014C0E}.Debug|iPhone.Build.0 = Debug|Any CPU
		{76010359-AE73-4CD3-9211-DCE7DE014C0E}.Release|iPhone.ActiveCfg = Release|Any CPU
		{76010359-AE73-4CD3-9211-DCE7DE014C0E}.Release|iPhone.Build.0 = Release|Any CPU
	EndGlobalSection
EndGlobal
